
Microsoft Visual Studio Solution File, Format Version 12.00
# Visual Studio Version 17
VisualStudioVersion = 17.9.34723.18
MinimumVisualStudioVersion = 10.0.40219.1
Project("{FAE04EC0-301F-11D3-BF4B-00C04F79EFBC}") = "STS.WALAA.Proxy", "STS.WALAA.Proxy\STS.WALAA.Proxy.csproj", "{C7F9BA69-91EA-4285-B3EF-92734A69C88C}"
EndProject
Global
	GlobalSection(SolutionConfigurationPlatforms) = preSolution
		Debug|Any CPU = Debug|Any CPU
		Release|Any CPU = Release|Any CPU
	EndGlobalSection
	GlobalSection(ProjectConfigurationPlatforms) = postSolution
		{C7F9BA69-91EA-4285-B3EF-92734A69C88C}.Debug|Any CPU.ActiveCfg = Debug|Any CPU
		{C7F9BA69-91EA-4285-B3EF-92734A69C88C}.Debug|Any CPU.Build.0 = Debug|Any CPU
		{C7F9BA69-91EA-4285-B3EF-92734A69C88C}.Release|Any CPU.ActiveCfg = Release|Any CPU
		{C7F9BA69-91EA-4285-B3EF-92734A69C88C}.Release|Any CPU.Build.0 = Release|Any CPU
	EndGlobalSection
	GlobalSection(SolutionProperties) = preSolution
		HideSolutionNode = FALSE
	EndGlobalSection
	GlobalSection(ExtensibilityGlobals) = postSolution
		SolutionGuid = {0F72D071-6EEC-49A5-B28B-365DA9BCC469}
	EndGlobalSection
EndGlobal
